
Microsoft Visual Studio Solution File, Format Version 12.00
# Visual Studio Version 17
VisualStudioVersion = 17.6.33829.357
MinimumVisualStudioVersion = 10.0.40219.1
Project("{FAE04EC0-301F-11D3-BF4B-00C04F79EFBC}") = "WwwSqlDesigner", "WwwSqlDesigner\WwwSqlDesigner.csproj", "{0C3BFD7C-B97B-498C-8A84-C52C7E2B769E}"
EndProject
Global
	GlobalSection(SolutionConfigurationPlatforms) = preSolution
		Debug|Any CPU = Debug|Any CPU
		Release|Any CPU = Release|Any CPU
	EndGlobalSection
	GlobalSection(ProjectConfigurationPlatforms) = postSolution
		{0C3BFD7C-B97B-498C-8A84-C52C7E2B769E}.Debug|Any CPU.ActiveCfg = Debug|Any CPU
		{0C3BFD7C-B97B-498C-8A84-C52C7E2B769E}.Debug|Any CPU.Build.0 = Debug|Any CPU
		{0C3BFD7C-B97B-498C-8A84-C52C7E2B769E}.Release|Any CPU.ActiveCfg = Release|Any CPU
		{0C3BFD7C-B97B-498C-8A84-C52C7E2B769E}.Release|Any CPU.Build.0 = Release|Any CPU
	EndGlobalSection
	GlobalSection(SolutionProperties) = preSolution
		HideSolutionNode = FALSE
	EndGlobalSection
	GlobalSection(ExtensibilityGlobals) = postSolution
		SolutionGuid = {BA1C4F46-7C33-4808-B82D-D24FB1ABBF96}
	EndGlobalSection
EndGlobal
